{
  "name": "holisticizing",
  "version": "1.0.0",
  "lockfileVersion": 3,
  "requires": true,
  "packages": {
    "": {
      "name": "holisticizing",
      "version": "1.0.0",
      "license": "ISC",
      "dependencies": {
        "fitrianizer": "^1.0.0",
        "funcrandomizer": "^1.0.0",
        "randomthinger": "^2.2.0"
      }
    },
    "node_modules/fitrianizer": {
      "version": "1.0.0",
      "resolved": "https://registry.npmjs.org/fitrianizer/-/fitrianizer-1.0.0.tgz",
      "integrity": "sha512-3h4Br+4sz5G38IiBgJQQjOnJevSFWeqK3EzZulM1VwUG0yM91UHv2hx87mc5lH4V5xnS6jC6ZtXOlfl0RNoZ8Q==",
      "dependencies": {
        "funcrandomizer": "^1.0.0",
        "randomthinger": "^2.2.0"
      }
    },
    "node_modules/funcrandomizer": {
      "version": "1.0.0",
      "resolved": "https://registry.npmjs.org/funcrandomizer/-/funcrandomizer-1.0.0.tgz",
      "integrity": "sha512-z2nXePPS+tXO2hbGmfWJpI8jhyRzbb6PBheulagH1d5RJiiccr2InvUz1sMsJ32VryNyWMq2e+J0c3Y634MTQA==",
      "dependencies": {
        "randomthinger": "^2.1.0"
      }
    },
    "node_modules/lodash": {
      "version": "4.17.21",
      "resolved": "https://registry.npmjs.org/lodash/-/lodash-4.17.21.tgz",
      "integrity": "sha512-v2kDEe57lecTulaDIuNTPy3Ry4gLGJ6Z1O3vE1krgXZNrsQ+LFTGHVxVjcXPs17LhbZVGedAJv8XZ1tvj5FvSg=="
    },
    "node_modules/randomthinger": {
      "version": "2.2.0",
      "resolved": "https://registry.npmjs.org/randomthinger/-/randomthinger-2.2.0.tgz",
      "integrity": "sha512-uCuAey3wT+E9KeyMkprvXYHR3W3qxzO8iCPNilPua8NezTy6KW87AE1aeulw0puCyeZTn4k4ZPANk9kAG9APtg==",
      "dependencies": {
        "lodash": "^4.17.21"
      }
    }
  }
}
